
Microsoft Visual Studio Solution File, Format Version 12.00
# Visual Studio 15
Project("{FAE04EC0-301F-11D3-BF4B-00C04F79EFBC}") = "Assembly-CSharp", "Assembly-CSharp.csproj", "{AB864DF7-92CE-9E72-865A-D9662D0EE234}"
EndProject
Project("{FAE04EC0-301F-11D3-BF4B-00C04F79EFBC}") = "Assembly-CSharp-firstpass", "Assembly-CSharp-firstpass.csproj", "{4F9BB946-F1AC-49F8-EA4F-E8341854610E}"
EndProject
Project("{FAE04EC0-301F-11D3-BF4B-00C04F79EFBC}") = "Assembly-CSharp-Editor", "Assembly-CSharp-Editor.csproj", "{7459FFED-FC46-D686-97A1-2F82010FBBC7}"
EndProject
Global
	GlobalSection(SolutionConfigurationPlatforms) = preSolution
		Debug|Any CPU = Debug|Any CPU
		Release|Any CPU = Release|Any CPU
	EndGlobalSection
	GlobalSection(ProjectConfigurationPlatforms) = postSolution
		{AB864DF7-92CE-9E72-865A-D9662D0EE234}.Debug|Any CPU.ActiveCfg = Debug|Any CPU
		{AB864DF7-92CE-9E72-865A-D9662D0EE234}.Debug|Any CPU.Build.0 = Debug|Any CPU
		{AB864DF7-92CE-9E72-865A-D9662D0EE234}.Release|Any CPU.ActiveCfg = Release|Any CPU
		{AB864DF7-92CE-9E72-865A-D9662D0EE234}.Release|Any CPU.Build.0 = Release|Any CPU
		{4F9BB946-F1AC-49F8-EA4F-E8341854610E}.Debug|Any CPU.ActiveCfg = Debug|Any CPU
		{4F9BB946-F1AC-49F8-EA4F-E8341854610E}.Debug|Any CPU.Build.0 = Debug|Any CPU
		{4F9BB946-F1AC-49F8-EA4F-E8341854610E}.Release|Any CPU.ActiveCfg = Release|Any CPU
		{4F9BB946-F1AC-49F8-EA4F-E8341854610E}.Release|Any CPU.Build.0 = Release|Any CPU
		{7459FFED-FC46-D686-97A1-2F82010FBBC7}.Debug|Any CPU.ActiveCfg = Debug|Any CPU
		{7459FFED-FC46-D686-97A1-2F82010FBBC7}.Debug|Any CPU.Build.0 = Debug|Any CPU
		{7459FFED-FC46-D686-97A1-2F82010FBBC7}.Release|Any CPU.ActiveCfg = Release|Any CPU
		{7459FFED-FC46-D686-97A1-2F82010FBBC7}.Release|Any CPU.Build.0 = Release|Any CPU
	EndGlobalSection
	GlobalSection(SolutionProperties) = preSolution
		HideSolutionNode = FALSE
	EndGlobalSection
EndGlobal
